
Microsoft Visual Studio Solution File, Format Version 12.00
# Visual Studio Version 17
VisualStudioVersion = 17.9.34607.119
MinimumVisualStudioVersion = 10.0.40219.1
Project("{FAE04EC0-301F-11D3-BF4B-00C04F79EFBC}") = "GymWebAPP", "GymWebAPP\GymWebAPP.csproj", "{E44E7373-D96F-4720-9B88-D01A6204D583}"
EndProject
Global
	GlobalSection(SolutionConfigurationPlatforms) = preSolution
		Debug|Any CPU = Debug|Any CPU
		Release|Any CPU = Release|Any CPU
	EndGlobalSection
	GlobalSection(ProjectConfigurationPlatforms) = postSolution
		{E44E7373-D96F-4720-9B88-D01A6204D583}.Debug|Any CPU.ActiveCfg = Debug|Any CPU
		{E44E7373-D96F-4720-9B88-D01A6204D583}.Debug|Any CPU.Build.0 = Debug|Any CPU
		{E44E7373-D96F-4720-9B88-D01A6204D583}.Release|Any CPU.ActiveCfg = Release|Any CPU
		{E44E7373-D96F-4720-9B88-D01A6204D583}.Release|Any CPU.Build.0 = Release|Any CPU
	EndGlobalSection
	GlobalSection(SolutionProperties) = preSolution
		HideSolutionNode = FALSE
	EndGlobalSection
	GlobalSection(ExtensibilityGlobals) = postSolution
		SolutionGuid = {16617138-C347-43C2-9F39-8C682CB25715}
	EndGlobalSection
EndGlobal
